
Microsoft Visual Studio Solution File, Format Version 12.00
# Visual Studio Version 16
VisualStudioVersion = 16.0.32413.511
MinimumVisualStudioVersion = 10.0.40219.1
Project("{8BC9CEB8-8B4A-11D0-8D11-00A0C91BC942}") = "Ex_7", "Ex_7.vcxproj", "{7336E603-D969-48B7-B730-F13BF95ACD7D}"
EndProject
Global
	GlobalSection(SolutionConfigurationPlatforms) = preSolution
		Debug|x64 = Debug|x64
		Debug|x86 = Debug|x86
		Release|x64 = Release|x64
		Release|x86 = Release|x86
	EndGlobalSection
	GlobalSection(ProjectConfigurationPlatforms) = postSolution
		{7336E603-D969-48B7-B730-F13BF95ACD7D}.Debug|x64.ActiveCfg = Debug|x64
		{7336E603-D969-48B7-B730-F13BF95ACD7D}.Debug|x64.Build.0 = Debug|x64
		{7336E603-D969-48B7-B730-F13BF95ACD7D}.Debug|x86.ActiveCfg = Debug|Win32
		{7336E603-D969-48B7-B730-F13BF95ACD7D}.Debug|x86.Build.0 = Debug|Win32
		{7336E603-D969-48B7-B730-F13BF95ACD7D}.Release|x64.ActiveCfg = Release|x64
		{7336E603-D969-48B7-B730-F13BF95ACD7D}.Release|x64.Build.0 = Release|x64
		{7336E603-D969-48B7-B730-F13BF95ACD7D}.Release|x86.ActiveCfg = Release|Win32
		{7336E603-D969-48B7-B730-F13BF95ACD7D}.Release|x86.Build.0 = Release|Win32
	EndGlobalSection
	GlobalSection(SolutionProperties) = preSolution
		HideSolutionNode = FALSE
	EndGlobalSection
	GlobalSection(ExtensibilityGlobals) = postSolution
		SolutionGuid = {B01A037D-372F-4F23-984E-4BE492AC594D}
	EndGlobalSection
EndGlobal
