
Microsoft Visual Studio Solution File, Format Version 12.00
# Visual Studio Version 16
VisualStudioVersion = 16.0.32413.511
MinimumVisualStudioVersion = 10.0.40219.1
Project("{8BC9CEB8-8B4A-11D0-8D11-00A0C91BC942}") = "Ex_19", "Ex_19.vcxproj", "{76F878DF-D555-43F0-93C8-6A0D62079F8C}"
EndProject
Global
	GlobalSection(SolutionConfigurationPlatforms) = preSolution
		Debug|x64 = Debug|x64
		Debug|x86 = Debug|x86
		Release|x64 = Release|x64
		Release|x86 = Release|x86
	EndGlobalSection
	GlobalSection(ProjectConfigurationPlatforms) = postSolution
		{76F878DF-D555-43F0-93C8-6A0D62079F8C}.Debug|x64.ActiveCfg = Debug|x64
		{76F878DF-D555-43F0-93C8-6A0D62079F8C}.Debug|x64.Build.0 = Debug|x64
		{76F878DF-D555-43F0-93C8-6A0D62079F8C}.Debug|x86.ActiveCfg = Debug|Win32
		{76F878DF-D555-43F0-93C8-6A0D62079F8C}.Debug|x86.Build.0 = Debug|Win32
		{76F878DF-D555-43F0-93C8-6A0D62079F8C}.Release|x64.ActiveCfg = Release|x64
		{76F878DF-D555-43F0-93C8-6A0D62079F8C}.Release|x64.Build.0 = Release|x64
		{76F878DF-D555-43F0-93C8-6A0D62079F8C}.Release|x86.ActiveCfg = Release|Win32
		{76F878DF-D555-43F0-93C8-6A0D62079F8C}.Release|x86.Build.0 = Release|Win32
	EndGlobalSection
	GlobalSection(SolutionProperties) = preSolution
		HideSolutionNode = FALSE
	EndGlobalSection
	GlobalSection(ExtensibilityGlobals) = postSolution
		SolutionGuid = {1E6B0366-25C4-4AF9-8A67-C12042FC93A5}
	EndGlobalSection
EndGlobal
